// !$*UTF8*$!
{
	archiveVersion = 1;
	classes = {
	};
	objectVersion = 46;
	objects = {

/* Begin PBXBuildFile section */
		894148B719C4FBB60030107C /* AppDelegate.swift in Sources */ = {isa = PBXBuildFile; fileRef = 894148B619C4FBB60030107C /* AppDelegate.swift */; };
		894148BE19C4FBB60030107C /* Images.xcassets in Resources */ = {isa = PBXBuildFile; fileRef = 894148BD19C4FBB60030107C /* Images.xcassets */; };
		894148CD19C4FBB60030107C /* TomatoTests.swift in Sources */ = {isa = PBXBuildFile; fileRef = 894148CC19C4FBB60030107C /* TomatoTests.swift */; };
		894148DF19C4FBEB0030107C /* MovieViewController.swift in Sources */ = {isa = PBXBuildFile; fileRef = 894148D619C4FBEB0030107C /* MovieViewController.swift */; };
		894148E019C4FBEB0030107C /* MovieTableViewCell.swift in Sources */ = {isa = PBXBuildFile; fileRef = 894148D719C4FBEB0030107C /* MovieTableViewCell.swift */; };
		894148E119C4FBEB0030107C /* ListViewController.swift in Sources */ = {isa = PBXBuildFile; fileRef = 894148D819C4FBEB0030107C /* ListViewController.swift */; };
		894148E219C4FBEB0030107C /* Default@2x.png in Resources */ = {isa = PBXBuildFile; fileRef = 894148D919C4FBEB0030107C /* Default@2x.png */; };
		894148E319C4FBEB0030107C /* Default.png in Resources */ = {isa = PBXBuildFile; fileRef = 894148DA19C4FBEB0030107C /* Default.png */; };
		894148E419C4FBEB0030107C /* AppIcon-180.png in Resources */ = {isa = PBXBuildFile; fileRef = 894148DB19C4FBEB0030107C /* AppIcon-180.png */; };
		894148E519C4FBEB0030107C /* AppIcon-120.png in Resources */ = {isa = PBXBuildFile; fileRef = 894148DC19C4FBEB0030107C /* AppIcon-120.png */; };
		894148E619C4FBEB0030107C /* AppIcon-80.png in Resources */ = {isa = PBXBuildFile; fileRef = 894148DD19C4FBEB0030107C /* AppIcon-80.png */; };
		894148E719C4FBEB0030107C /* AppIcon-58.png in Resources */ = {isa = PBXBuildFile; fileRef = 894148DE19C4FBEB0030107C /* AppIcon-58.png */; };
		894148EA19C4FC370030107C /* Main.storyboard in Resources */ = {isa = PBXBuildFile; fileRef = 894148E919C4FC370030107C /* Main.storyboard */; };
		894148EC19C4FD3C0030107C /* AppIcon-87.png in Resources */ = {isa = PBXBuildFile; fileRef = 894148EB19C4FD3C0030107C /* AppIcon-87.png */; };
		894148EE19C50E3A0030107C /* Images-2.xcassets in Resources */ = {isa = PBXBuildFile; fileRef = 894148ED19C50E3A0030107C /* Images-2.xcassets */; };
/* End PBXBuildFile section */

/* Begin PBXContainerItemProxy section */
		894148C719C4FBB60030107C /* PBXContainerItemProxy */ = {
			isa = PBXContainerItemProxy;
			containerPortal = 894148A919C4FBB60030107C /* Project object */;
			proxyType = 1;
			remoteGlobalIDString = 894148B019C4FBB60030107C;
			remoteInfo = Tomato;
		};
/* End PBXContainerItemProxy section */

/* Begin PBXFileReference section */
		894148B119C4FBB60030107C /* Tomato.app */ = {isa = PBXFileReference; explicitFileType = wrapper.application; includeInIndex = 0; path = Tomato.app; sourceTree = BUILT_PRODUCTS_DIR; };
		894148B519C4FBB60030107C /* Info.plist */ = {isa = PBXFileReference; lastKnownFileType = text.plist.xml; path = Info.plist; sourceTree = "<group>"; };
		894148B619C4FBB60030107C /* AppDelegate.swift */ = {isa = PBXFileReference; lastKnownFileType = sourcecode.swift; path = AppDelegate.swift; sourceTree = "<group>"; };
		894148BD19C4FBB60030107C /* Images.xcassets */ = {isa = PBXFileReference; lastKnownFileType = folder.assetcatalog; path = Images.xcassets; sourceTree = "<group>"; };
		894148C619C4FBB60030107C /* TomatoTests.xctest */ = {isa = PBXFileReference; explicitFileType = wrapper.cfbundle; includeInIndex = 0; path = TomatoTests.xctest; sourceTree = BUILT_PRODUCTS_DIR; };
		894148CB19C4FBB60030107C /* Info.plist */ = {isa = PBXFileReference; lastKnownFileType = text.plist.xml; path = Info.plist; sourceTree = "<group>"; };
		894148CC19C4FBB60030107C /* TomatoTests.swift */ = {isa = PBXFileReference; lastKnownFileType = sourcecode.swift; path = TomatoTests.swift; sourceTree = "<group>"; };
		894148D619C4FBEB0030107C /* MovieViewController.swift */ = {isa = PBXFileReference; fileEncoding = 4; lastKnownFileType = sourcecode.swift; path = MovieViewController.swift; sourceTree = "<group>"; };
		894148D719C4FBEB0030107C /* MovieTableViewCell.swift */ = {isa = PBXFileReference; fileEncoding = 4; lastKnownFileType = sourcecode.swift; path = MovieTableViewCell.swift; sourceTree = "<group>"; };
		894148D819C4FBEB0030107C /* ListViewController.swift */ = {isa = PBXFileReference; fileEncoding = 4; lastKnownFileType = sourcecode.swift; path = ListViewController.swift; sourceTree = "<group>"; };
		894148D919C4FBEB0030107C /* Default@2x.png */ = {isa = PBXFileReference; lastKnownFileType = image.png; path = "Default@2x.png"; sourceTree = "<group>"; };
		894148DA19C4FBEB0030107C /* Default.png */ = {isa = PBXFileReference; lastKnownFileType = image.png; path = Default.png; sourceTree = "<group>"; };
		894148DB19C4FBEB0030107C /* AppIcon-180.png */ = {isa = PBXFileReference; lastKnownFileType = image.png; path = "AppIcon-180.png"; sourceTree = "<group>"; };
		894148DC19C4FBEB0030107C /* AppIcon-120.png */ = {isa = PBXFileReference; lastKnownFileType = image.png; path = "AppIcon-120.png"; sourceTree = "<group>"; };
		894148DD19C4FBEB0030107C /* AppIcon-80.png */ = {isa = PBXFileReference; lastKnownFileType = image.png; path = "AppIcon-80.png"; sourceTree = "<group>"; };
		894148DE19C4FBEB0030107C /* AppIcon-58.png */ = {isa = PBXFileReference; lastKnownFileType = image.png; path = "AppIcon-58.png"; sourceTree = "<group>"; };
		894148E919C4FC370030107C /* Main.storyboard */ = {isa = PBXFileReference; fileEncoding = 4; lastKnownFileType = file.storyboard; path = Main.storyboard; sourceTree = "<group>"; };
		894148EB19C4FD3C0030107C /* AppIcon-87.png */ = {isa = PBXFileReference; lastKnownFileType = image.png; path = "AppIcon-87.png"; sourceTree = "<group>"; };
		894148ED19C50E3A0030107C /* Images-2.xcassets */ = {isa = PBXFileReference; lastKnownFileType = folder.assetcatalog; path = "Images-2.xcassets"; sourceTree = "<group>"; };
/* End PBXFileReference section */

/* Begin PBXFrameworksBuildPhase section */
		894148AE19C4FBB60030107C /* Frameworks */ = {
			isa = PBXFrameworksBuildPhase;
			buildActionMask = 2147483647;
			files = (
			);
			runOnlyForDeploymentPostprocessing = 0;
		};
		894148C319C4FBB60030107C /* Frameworks */ = {
			isa = PBXFrameworksBuildPhase;
			buildActionMask = 2147483647;
			files = (
			);
			runOnlyForDeploymentPostprocessing = 0;
		};
/* End PBXFrameworksBuildPhase section */

/* Begin PBXGroup section */
		894148A819C4FBB60030107C = {
			isa = PBXGroup;
			children = (
				894148B319C4FBB60030107C /* Tomato */,
				894148C919C4FBB60030107C /* TomatoTests */,
				894148B219C4FBB60030107C /* Products */,
			);
			sourceTree = "<group>";
		};
		894148B219C4FBB60030107C /* Products */ = {
			isa = PBXGroup;
			children = (
				894148B119C4FBB60030107C /* Tomato.app */,
				894148C619C4FBB60030107C /* TomatoTests.xctest */,
			);
			name = Products;
			sourceTree = "<group>";
		};
		894148B319C4FBB60030107C /* Tomato */ = {
			isa = PBXGroup;
			children = (
				894148E919C4FC370030107C /* Main.storyboard */,
				894148D619C4FBEB0030107C /* MovieViewController.swift */,
				894148D719C4FBEB0030107C /* MovieTableViewCell.swift */,
				894148D819C4FBEB0030107C /* ListViewController.swift */,
				894148E819C4FBF50030107C /* Resources */,
				894148B619C4FBB60030107C /* AppDelegate.swift */,
				894148BD19C4FBB60030107C /* Images.xcassets */,
				894148ED19C50E3A0030107C /* Images-2.xcassets */,
				894148B419C4FBB60030107C /* Supporting Files */,
			);
			path = Tomato;
			sourceTree = "<group>";
		};
		894148B419C4FBB60030107C /* Supporting Files */ = {
			isa = PBXGroup;
			children = (
				894148B519C4FBB60030107C /* Info.plist */,
			);
			name = "Supporting Files";
			sourceTree = "<group>";
		};
		894148C919C4FBB60030107C /* TomatoTests */ = {
			isa = PBXGroup;
			children = (
				894148CC19C4FBB60030107C /* TomatoTests.swift */,
				894148CA19C4FBB60030107C /* Supporting Files */,
			);
			path = TomatoTests;
			sourceTree = "<group>";
		};
		894148CA19C4FBB60030107C /* Supporting Files */ = {
			isa = PBXGroup;
			children = (
				894148CB19C4FBB60030107C /* Info.plist */,
			);
			name = "Supporting Files";
			sourceTree = "<group>";
		};
		894148E819C4FBF50030107C /* Resources */ = {
			isa = PBXGroup;
			children = (
				894148EB19C4FD3C0030107C /* AppIcon-87.png */,
				894148D919C4FBEB0030107C /* Default@2x.png */,
				894148DA19C4FBEB0030107C /* Default.png */,
				894148DB19C4FBEB0030107C /* AppIcon-180.png */,
				894148DC19C4FBEB0030107C /* AppIcon-120.png */,
				894148DD19C4FBEB0030107C /* AppIcon-80.png */,
				894148DE19C4FBEB0030107C /* AppIcon-58.png */,
			);
			name = Resources;
			sourceTree = "<group>";
		};
/* End PBXGroup section */

/* Begin PBXNativeTarget section */
		894148B019C4FBB60030107C /* Tomato */ = {
			isa = PBXNativeTarget;
			buildConfigurationList = 894148D019C4FBB60030107C /* Build configuration list for PBXNativeTarget "Tomato" */;
			buildPhases = (
				894148AD19C4FBB60030107C /* Sources */,
				894148AE19C4FBB60030107C /* Frameworks */,
				894148AF19C4FBB60030107C /* Resources */,
			);
			buildRules = (
			);
			dependencies = (
			);
			name = Tomato;
			productName = Tomato;
			productReference = 894148B119C4FBB60030107C /* Tomato.app */;
			productType = "com.apple.product-type.application";
		};
		894148C519C4FBB60030107C /* TomatoTests */ = {
			isa = PBXNativeTarget;
			buildConfigurationList = 894148D319C4FBB60030107C /* Build configuration list for PBXNativeTarget "TomatoTests" */;
			buildPhases = (
				894148C219C4FBB60030107C /* Sources */,
				894148C319C4FBB60030107C /* Frameworks */,
				894148C419C4FBB60030107C /* Resources */,
			);
			buildRules = (
			);
			dependencies = (
				894148C819C4FBB60030107C /* PBXTargetDependency */,
			);
			name = TomatoTests;
			productName = TomatoTests;
			productReference = 894148C619C4FBB60030107C /* TomatoTests.xctest */;
			productType = "com.apple.product-type.bundle.unit-test";
		};
/* End PBXNativeTarget section */

/* Begin PBXProject section */
		894148A919C4FBB60030107C /* Project object */ = {
			isa = PBXProject;
			attributes = {
				LastUpgradeCheck = 0600;
				ORGANIZATIONNAME = Tianyu;
				TargetAttributes = {
					894148B019C4FBB60030107C = {
						CreatedOnToolsVersion = 6.0;
					};
					894148C519C4FBB60030107C = {
						CreatedOnToolsVersion = 6.0;
						TestTargetID = 894148B019C4FBB60030107C;
					};
				};
			};
			buildConfigurationList = 894148AC19C4FBB60030107C /* Build configuration list for PBXProject "Tomato" */;
			compatibilityVersion = "Xcode 3.2";
			developmentRegion = English;
			hasScannedForEncodings = 0;
			knownRegions = (
				en,
				Base,
			);
			mainGroup = 894148A819C4FBB60030107C;
			productRefGroup = 894148B219C4FBB60030107C /* Products */;
			projectDirPath = "";
			projectRoot = "";
			targets = (
				894148B019C4FBB60030107C /* Tomato */,
				894148C519C4FBB60030107C /* TomatoTests */,
			);
		};
/* End PBXProject section */

/* Begin PBXResourcesBuildPhase section */
		894148AF19C4FBB60030107C /* Resources */ = {
			isa = PBXResourcesBuildPhase;
			buildActionMask = 2147483647;
			files = (
				894148E619C4FBEB0030107C /* AppIcon-80.png in Resources */,
				894148E219C4FBEB0030107C /* Default@2x.png in Resources */,
				894148E419C4FBEB0030107C /* AppIcon-180.png in Resources */,
				894148BE19C4FBB60030107C /* Images.xcassets in Resources */,
				894148E319C4FBEB0030107C /* Default.png in Resources */,
				894148EA19C4FC370030107C /* Main.storyboard in Resources */,
				894148EC19C4FD3C0030107C /* AppIcon-87.png in Resources */,
				894148E519C4FBEB0030107C /* AppIcon-120.png in Resources */,
				894148EE19C50E3A0030107C /* Images-2.xcassets in Resources */,
				894148E719C4FBEB0030107C /* AppIcon-58.png in Resources */,
			);
			runOnlyForDeploymentPostprocessing = 0;
		};
		894148C419C4FBB60030107C /* Resources */ = {
			isa = PBXResourcesBuildPhase;
			buildActionMask = 2147483647;
			files = (
			);
			runOnlyForDeploymentPostprocessing = 0;
		};
/* End PBXResourcesBuildPhase section */

/* Begin PBXSourcesBuildPhase section */
		894148AD19C4FBB60030107C /* Sources */ = {
			isa = PBXSourcesBuildPhase;
			buildActionMask = 2147483647;
			files = (
				894148B719C4FBB60030107C /* AppDelegate.swift in Sources */,
				894148DF19C4FBEB0030107C /* MovieViewController.swift in Sources */,
				894148E119C4FBEB0030107C /* ListViewController.swift in Sources */,
				894148E019C4FBEB0030107C /* MovieTableViewCell.swift in Sources */,
			);
			runOnlyForDeploymentPostprocessing = 0;
		};
		894148C219C4FBB60030107C /* Sources */ = {
			isa = PBXSourcesBuildPhase;
			buildActionMask = 2147483647;
			files = (
				894148CD19C4FBB60030107C /* TomatoTests.swift in Sources */,
			);
			runOnlyForDeploymentPostprocessing = 0;
		};
/* End PBXSourcesBuildPhase section */

/* Begin PBXTargetDependency section */
		894148C819C4FBB60030107C /* PBXTargetDependency */ = {
			isa = PBXTargetDependency;
			target = 894148B019C4FBB60030107C /* Tomato */;
			targetProxy = 894148C719C4FBB60030107C /* PBXContainerItemProxy */;
		};
/* End PBXTargetDependency section */

/* Begin XCBuildConfiguration section */
		894148CE19C4FBB60030107C /* Debug */ = {
			isa = XCBuildConfiguration;
			buildSettings = {
				ALWAYS_SEARCH_USER_PATHS = NO;
				CLANG_CXX_LANGUAGE_STANDARD = "gnu++0x";
				CLANG_CXX_LIBRARY = "libc++";
				CLANG_ENABLE_MODULES = YES;
				CLANG_ENABLE_OBJC_ARC = YES;
				CLANG_WARN_BOOL_CONVERSION = YES;
				CLANG_WARN_CONSTANT_CONVERSION = YES;
				CLANG_WARN_DIRECT_OBJC_ISA_USAGE = YES_ERROR;
				CLANG_WARN_EMPTY_BODY = YES;
				CLANG_WARN_ENUM_CONVERSION = YES;
				CLANG_WARN_INT_CONVERSION = YES;
				CLANG_WARN_OBJC_ROOT_CLASS = YES_ERROR;
				CLANG_WARN_UNREACHABLE_CODE = YES;
				CLANG_WARN__DUPLICATE_METHOD_MATCH = YES;
				"CODE_SIGN_IDENTITY[sdk=iphoneos*]" = "iPhone Developer";
				COPY_PHASE_STRIP = NO;
				ENABLE_STRICT_OBJC_MSGSEND = YES;
				GCC_C_LANGUAGE_STANDARD = gnu99;
				GCC_DYNAMIC_NO_PIC = NO;
				GCC_OPTIMIZATION_LEVEL = 0;
				GCC_PREPROCESSOR_DEFINITIONS = (
					"DEBUG=1",
					"$(inherited)",
				);
				GCC_SYMBOLS_PRIVATE_EXTERN = NO;
				GCC_WARN_64_TO_32_BIT_CONVERSION = YES;
				GCC_WARN_ABOUT_RETURN_TYPE = YES_ERROR;
				GCC_WARN_UNDECLARED_SELECTOR = YES;
				GCC_WARN_UNINITIALIZED_AUTOS = YES_AGGRESSIVE;
				GCC_WARN_UNUSED_FUNCTION = YES;
				GCC_WARN_UNUSED_VARIABLE = YES;
				IPHONEOS_DEPLOYMENT_TARGET = 8.0;
				MTL_ENABLE_DEBUG_INFO = YES;
				ONLY_ACTIVE_ARCH = YES;
				SDKROOT = iphoneos;
				SWIFT_OPTIMIZATION_LEVEL = "-Onone";
			};
			name = Debug;
		};
		894148CF19C4FBB60030107C /* Release */ = {
			isa = XCBuildConfiguration;
			buildSettings = {
				ALWAYS_SEARCH_USER_PATHS = NO;
				CLANG_CXX_LANGUAGE_STANDARD = "gnu++0x";
				CLANG_CXX_LIBRARY = "libc++";
				CLANG_ENABLE_MODULES = YES;
				CLANG_ENABLE_OBJC_ARC = YES;
				CLANG_WARN_BOOL_CONVERSION = YES;
				CLANG_WARN_CONSTANT_CONVERSION = YES;
				CLANG_WARN_DIRECT_OBJC_ISA_USAGE = YES_ERROR;
				CLANG_WARN_EMPTY_BODY = YES;
				CLANG_WARN_ENUM_CONVERSION = YES;
				CLANG_WARN_INT_CONVERSION = YES;
				CLANG_WARN_OBJC_ROOT_CLASS = YES_ERROR;
				CLANG_WARN_UNREACHABLE_CODE = YES;
				CLANG_WARN__DUPLICATE_METHOD_MATCH = YES;
				"CODE_SIGN_IDENTITY[sdk=iphoneos*]" = "iPhone Developer";
				COPY_PHASE_STRIP = YES;
				ENABLE_NS_ASSERTIONS = NO;
				ENABLE_STRICT_OBJC_MSGSEND = YES;
				GCC_C_LANGUAGE_STANDARD = gnu99;
				GCC_WARN_64_TO_32_BIT_CONVERSION = YES;
				GCC_WARN_ABOUT_RETURN_TYPE = YES_ERROR;
				GCC_WARN_UNDECLARED_SELECTOR = YES;
				GCC_WARN_UNINITIALIZED_AUTOS = YES_AGGRESSIVE;
				GCC_WARN_UNUSED_FUNCTION = YES;
				GCC_WARN_UNUSED_VARIABLE = YES;
				IPHONEOS_DEPLOYMENT_TARGET = 8.0;
				MTL_ENABLE_DEBUG_INFO = NO;
				SDKROOT = iphoneos;
				VALIDATE_PRODUCT = YES;
			};
			name = Release;
		};
		894148D119C4FBB60030107C /* Debug */ = {
			isa = XCBuildConfiguration;
			buildSettings = {
				ASSETCATALOG_COMPILER_APPICON_NAME = AppIcon;
				ASSETCATALOG_COMPILER_LAUNCHIMAGE_NAME = LaunchImage;
				INFOPLIST_FILE = Tomato/Info.plist;
				LD_RUNPATH_SEARCH_PATHS = "$(inherited) @executable_path/Frameworks";
				PRODUCT_NAME = "$(TARGET_NAME)";
			};
			name = Debug;
		};
		894148D219C4FBB60030107C /* Release */ = {
			isa = XCBuildConfiguration;
			buildSettings = {
				ASSETCATALOG_COMPILER_APPICON_NAME = AppIcon;
				ASSETCATALOG_COMPILER_LAUNCHIMAGE_NAME = LaunchImage;
				INFOPLIST_FILE = Tomato/Info.plist;
				LD_RUNPATH_SEARCH_PATHS = "$(inherited) @executable_path/Frameworks";
				PRODUCT_NAME = "$(TARGET_NAME)";
			};
			name = Release;
		};
		894148D419C4FBB60030107C /* Debug */ = {
			isa = XCBuildConfiguration;
			buildSettings = {
				BUNDLE_LOADER = "$(TEST_HOST)";
				FRAMEWORK_SEARCH_PATHS = (
					"$(SDKROOT)/Developer/Library/Frameworks",
					"$(inherited)",
				);
				GCC_PREPROCESSOR_DEFINITIONS = (
					"DEBUG=1",
					"$(inherited)",
				);
				INFOPLIST_FILE = TomatoTests/Info.plist;
				LD_RUNPATH_SEARCH_PATHS = "$(inherited) @executable_path/Frameworks @loader_path/Frameworks";
				PRODUCT_NAME = "$(TARGET_NAME)";
				TEST_HOST = "$(BUILT_PRODUCTS_DIR)/Tomato.app/Tomato";
			};
			name = Debug;
		};
		894148D519C4FBB60030107C /* Release */ = {
			isa = XCBuildConfiguration;
			buildSettings = {
				BUNDLE_LOADER = "$(TEST_HOST)";
				FRAMEWORK_SEARCH_PATHS = (
					"$(SDKROOT)/Developer/Library/Frameworks",
					"$(inherited)",
				);
				INFOPLIST_FILE = TomatoTests/Info.plist;
				LD_RUNPATH_SEARCH_PATHS = "$(inherited) @executable_path/Frameworks @loader_path/Frameworks";
				PRODUCT_NAME = "$(TARGET_NAME)";
				TEST_HOST = "$(BUILT_PRODUCTS_DIR)/Tomato.app/Tomato";
			};
			name = Release;
		};
/* End XCBuildConfiguration section */

/* Begin XCConfigurationList section */
		894148AC19C4FBB60030107C /* Build configuration list for PBXProject "Tomato" */ = {
			isa = XCConfigurationList;
			buildConfigurations = (
				894148CE19C4FBB60030107C /* Debug */,
				894148CF19C4FBB60030107C /* Release */,
			);
			defaultConfigurationIsVisible = 0;
			defaultConfigurationName = Release;
		};
		894148D019C4FBB60030107C /* Build configuration list for PBXNativeTarget "Tomato" */ = {
			isa = XCConfigurationList;
			buildConfigurations = (
				894148D119C4FBB60030107C /* Debug */,
				894148D219C4FBB60030107C /* Release */,
			);
			defaultConfigurationIsVisible = 0;
			defaultConfigurationName = Release;
		};
		894148D319C4FBB60030107C /* Build configuration list for PBXNativeTarget "TomatoTests" */ = {
			isa = XCConfigurationList;
			buildConfigurations = (
				894148D419C4FBB60030107C /* Debug */,
				894148D519C4FBB60030107C /* Release */,
			);
			defaultConfigurationIsVisible = 0;
			defaultConfigurationName = Release;
		};
/* End XCConfigurationList section */
	};
	rootObject = 894148A919C4FBB60030107C /* Project object */;
}
