// !$*UTF8*$!
{
	archiveVersion = 1;
	classes = {
	};
	objectVersion = 46;
	objects = {

/* Begin PBXBuildFile section */
		890448D219C512B800BDB019 /* AppDelegate.swift in Sources */ = {isa = PBXBuildFile; fileRef = 890448D119C512B800BDB019 /* AppDelegate.swift */; };
		890448D919C512B800BDB019 /* Images.xcassets in Resources */ = {isa = PBXBuildFile; fileRef = 890448D819C512B800BDB019 /* Images.xcassets */; };
		890448DC19C512B800BDB019 /* LaunchScreen.xib in Resources */ = {isa = PBXBuildFile; fileRef = 890448DA19C512B800BDB019 /* LaunchScreen.xib */; };
		890448E819C512B800BDB019 /* TomatoTests.swift in Sources */ = {isa = PBXBuildFile; fileRef = 890448E719C512B800BDB019 /* TomatoTests.swift */; };
		890448F219C512CC00BDB019 /* Main.storyboard in Resources */ = {isa = PBXBuildFile; fileRef = 890448F119C512CC00BDB019 /* Main.storyboard */; };
		890448F419C5134500BDB019 /* ListViewController.swift in Sources */ = {isa = PBXBuildFile; fileRef = 890448F319C5134500BDB019 /* ListViewController.swift */; };
		890448F819C5136300BDB019 /* MovieTableViewCell.swift in Sources */ = {isa = PBXBuildFile; fileRef = 890448F619C5136300BDB019 /* MovieTableViewCell.swift */; };
		8904490119C5142F00BDB019 /* Default@2x.png in Resources */ = {isa = PBXBuildFile; fileRef = 890448FA19C5142F00BDB019 /* Default@2x.png */; };
		8904490219C5142F00BDB019 /* Default.png in Resources */ = {isa = PBXBuildFile; fileRef = 890448FB19C5142F00BDB019 /* Default.png */; };
		8904490319C5142F00BDB019 /* AppIcon-180.png in Resources */ = {isa = PBXBuildFile; fileRef = 890448FC19C5142F00BDB019 /* AppIcon-180.png */; };
		8904490419C5142F00BDB019 /* AppIcon-120.png in Resources */ = {isa = PBXBuildFile; fileRef = 890448FD19C5142F00BDB019 /* AppIcon-120.png */; };
		8904490519C5142F00BDB019 /* AppIcon-87.png in Resources */ = {isa = PBXBuildFile; fileRef = 890448FE19C5142F00BDB019 /* AppIcon-87.png */; };
		8904490619C5142F00BDB019 /* AppIcon-80.png in Resources */ = {isa = PBXBuildFile; fileRef = 890448FF19C5142F00BDB019 /* AppIcon-80.png */; };
		8904490719C5142F00BDB019 /* AppIcon-58.png in Resources */ = {isa = PBXBuildFile; fileRef = 8904490019C5142F00BDB019 /* AppIcon-58.png */; };
		8904490919C51EC000BDB019 /* DetailsViewController.swift in Sources */ = {isa = PBXBuildFile; fileRef = 8904490819C51EC000BDB019 /* DetailsViewController.swift */; };
/* End PBXBuildFile section */

/* Begin PBXContainerItemProxy section */
		890448E219C512B800BDB019 /* PBXContainerItemProxy */ = {
			isa = PBXContainerItemProxy;
			containerPortal = 890448C419C512B800BDB019 /* Project object */;
			proxyType = 1;
			remoteGlobalIDString = 890448CB19C512B800BDB019;
			remoteInfo = Tomato;
		};
/* End PBXContainerItemProxy section */

/* Begin PBXFileReference section */
		890448CC19C512B800BDB019 /* Tomato.app */ = {isa = PBXFileReference; explicitFileType = wrapper.application; includeInIndex = 0; path = Tomato.app; sourceTree = BUILT_PRODUCTS_DIR; };
		890448D019C512B800BDB019 /* Info.plist */ = {isa = PBXFileReference; lastKnownFileType = text.plist.xml; path = Info.plist; sourceTree = "<group>"; };
		890448D119C512B800BDB019 /* AppDelegate.swift */ = {isa = PBXFileReference; lastKnownFileType = sourcecode.swift; path = AppDelegate.swift; sourceTree = "<group>"; };
		890448D819C512B800BDB019 /* Images.xcassets */ = {isa = PBXFileReference; lastKnownFileType = folder.assetcatalog; path = Images.xcassets; sourceTree = "<group>"; };
		890448DB19C512B800BDB019 /* Base */ = {isa = PBXFileReference; lastKnownFileType = file.xib; name = Base; path = Base.lproj/LaunchScreen.xib; sourceTree = "<group>"; };
		890448E119C512B800BDB019 /* TomatoTests.xctest */ = {isa = PBXFileReference; explicitFileType = wrapper.cfbundle; includeInIndex = 0; path = TomatoTests.xctest; sourceTree = BUILT_PRODUCTS_DIR; };
		890448E619C512B800BDB019 /* Info.plist */ = {isa = PBXFileReference; lastKnownFileType = text.plist.xml; path = Info.plist; sourceTree = "<group>"; };
		890448E719C512B800BDB019 /* TomatoTests.swift */ = {isa = PBXFileReference; lastKnownFileType = sourcecode.swift; path = TomatoTests.swift; sourceTree = "<group>"; };
		890448F119C512CC00BDB019 /* Main.storyboard */ = {isa = PBXFileReference; fileEncoding = 4; lastKnownFileType = file.storyboard; path = Main.storyboard; sourceTree = "<group>"; };
		890448F319C5134500BDB019 /* ListViewController.swift */ = {isa = PBXFileReference; fileEncoding = 4; lastKnownFileType = sourcecode.swift; path = ListViewController.swift; sourceTree = "<group>"; };
		890448F619C5136300BDB019 /* MovieTableViewCell.swift */ = {isa = PBXFileReference; fileEncoding = 4; lastKnownFileType = sourcecode.swift; name = MovieTableViewCell.swift; path = ../MovieTableViewCell.swift; sourceTree = "<group>"; };
		890448FA19C5142F00BDB019 /* Default@2x.png */ = {isa = PBXFileReference; lastKnownFileType = image.png; path = "Default@2x.png"; sourceTree = "<group>"; };
		890448FB19C5142F00BDB019 /* Default.png */ = {isa = PBXFileReference; lastKnownFileType = image.png; path = Default.png; sourceTree = "<group>"; };
		890448FC19C5142F00BDB019 /* AppIcon-180.png */ = {isa = PBXFileReference; lastKnownFileType = image.png; path = "AppIcon-180.png"; sourceTree = "<group>"; };
		890448FD19C5142F00BDB019 /* AppIcon-120.png */ = {isa = PBXFileReference; lastKnownFileType = image.png; path = "AppIcon-120.png"; sourceTree = "<group>"; };
		890448FE19C5142F00BDB019 /* AppIcon-87.png */ = {isa = PBXFileReference; lastKnownFileType = image.png; path = "AppIcon-87.png"; sourceTree = "<group>"; };
		890448FF19C5142F00BDB019 /* AppIcon-80.png */ = {isa = PBXFileReference; lastKnownFileType = image.png; path = "AppIcon-80.png"; sourceTree = "<group>"; };
		8904490019C5142F00BDB019 /* AppIcon-58.png */ = {isa = PBXFileReference; lastKnownFileType = image.png; path = "AppIcon-58.png"; sourceTree = "<group>"; };
		8904490819C51EC000BDB019 /* DetailsViewController.swift */ = {isa = PBXFileReference; fileEncoding = 4; lastKnownFileType = sourcecode.swift; path = DetailsViewController.swift; sourceTree = "<group>"; };
/* End PBXFileReference section */

/* Begin PBXFrameworksBuildPhase section */
		890448C919C512B800BDB019 /* Frameworks */ = {
			isa = PBXFrameworksBuildPhase;
			buildActionMask = 2147483647;
			files = (
			);
			runOnlyForDeploymentPostprocessing = 0;
		};
		890448DE19C512B800BDB019 /* Frameworks */ = {
			isa = PBXFrameworksBuildPhase;
			buildActionMask = 2147483647;
			files = (
			);
			runOnlyForDeploymentPostprocessing = 0;
		};
/* End PBXFrameworksBuildPhase section */

/* Begin PBXGroup section */
		890448C319C512B800BDB019 = {
			isa = PBXGroup;
			children = (
				890448CE19C512B800BDB019 /* Tomato */,
				890448E419C512B800BDB019 /* TomatoTests */,
				890448CD19C512B800BDB019 /* Products */,
			);
			sourceTree = "<group>";
		};
		890448CD19C512B800BDB019 /* Products */ = {
			isa = PBXGroup;
			children = (
				890448CC19C512B800BDB019 /* Tomato.app */,
				890448E119C512B800BDB019 /* TomatoTests.xctest */,
			);
			name = Products;
			sourceTree = "<group>";
		};
		890448CE19C512B800BDB019 /* Tomato */ = {
			isa = PBXGroup;
			children = (
				890448D119C512B800BDB019 /* AppDelegate.swift */,
				8904490819C51EC000BDB019 /* DetailsViewController.swift */,
				890448F319C5134500BDB019 /* ListViewController.swift */,
				890448F619C5136300BDB019 /* MovieTableViewCell.swift */,
				890448F119C512CC00BDB019 /* Main.storyboard */,
				890448DA19C512B800BDB019 /* LaunchScreen.xib */,
				890448D819C512B800BDB019 /* Images.xcassets */,
				890448F919C5141D00BDB019 /* Resources */,
				890448CF19C512B800BDB019 /* Supporting Files */,
			);
			path = Tomato;
			sourceTree = "<group>";
		};
		890448CF19C512B800BDB019 /* Supporting Files */ = {
			isa = PBXGroup;
			children = (
				890448D019C512B800BDB019 /* Info.plist */,
			);
			name = "Supporting Files";
			sourceTree = "<group>";
		};
		890448E419C512B800BDB019 /* TomatoTests */ = {
			isa = PBXGroup;
			children = (
				890448E719C512B800BDB019 /* TomatoTests.swift */,
				890448E519C512B800BDB019 /* Supporting Files */,
			);
			path = TomatoTests;
			sourceTree = "<group>";
		};
		890448E519C512B800BDB019 /* Supporting Files */ = {
			isa = PBXGroup;
			children = (
				890448E619C512B800BDB019 /* Info.plist */,
			);
			name = "Supporting Files";
			sourceTree = "<group>";
		};
		890448F919C5141D00BDB019 /* Resources */ = {
			isa = PBXGroup;
			children = (
				890448FA19C5142F00BDB019 /* Default@2x.png */,
				890448FB19C5142F00BDB019 /* Default.png */,
				890448FC19C5142F00BDB019 /* AppIcon-180.png */,
				890448FD19C5142F00BDB019 /* AppIcon-120.png */,
				890448FF19C5142F00BDB019 /* AppIcon-80.png */,
				8904490019C5142F00BDB019 /* AppIcon-58.png */,
				890448FE19C5142F00BDB019 /* AppIcon-87.png */,
			);
			name = Resources;
			sourceTree = "<group>";
		};
/* End PBXGroup section */

/* Begin PBXNativeTarget section */
		890448CB19C512B800BDB019 /* Tomato */ = {
			isa = PBXNativeTarget;
			buildConfigurationList = 890448EB19C512B800BDB019 /* Build configuration list for PBXNativeTarget "Tomato" */;
			buildPhases = (
				890448C819C512B800BDB019 /* Sources */,
				890448C919C512B800BDB019 /* Frameworks */,
				890448CA19C512B800BDB019 /* Resources */,
			);
			buildRules = (
			);
			dependencies = (
			);
			name = Tomato;
			productName = Tomato;
			productReference = 890448CC19C512B800BDB019 /* Tomato.app */;
			productType = "com.apple.product-type.application";
		};
		890448E019C512B800BDB019 /* TomatoTests */ = {
			isa = PBXNativeTarget;
			buildConfigurationList = 890448EE19C512B800BDB019 /* Build configuration list for PBXNativeTarget "TomatoTests" */;
			buildPhases = (
				890448DD19C512B800BDB019 /* Sources */,
				890448DE19C512B800BDB019 /* Frameworks */,
				890448DF19C512B800BDB019 /* Resources */,
			);
			buildRules = (
			);
			dependencies = (
				890448E319C512B800BDB019 /* PBXTargetDependency */,
			);
			name = TomatoTests;
			productName = TomatoTests;
			productReference = 890448E119C512B800BDB019 /* TomatoTests.xctest */;
			productType = "com.apple.product-type.bundle.unit-test";
		};
/* End PBXNativeTarget section */

/* Begin PBXProject section */
		890448C419C512B800BDB019 /* Project object */ = {
			isa = PBXProject;
			attributes = {
				LastUpgradeCheck = 0600;
				ORGANIZATIONNAME = Tianyu;
				TargetAttributes = {
					890448CB19C512B800BDB019 = {
						CreatedOnToolsVersion = 6.0;
					};
					890448E019C512B800BDB019 = {
						CreatedOnToolsVersion = 6.0;
						TestTargetID = 890448CB19C512B800BDB019;
					};
				};
			};
			buildConfigurationList = 890448C719C512B800BDB019 /* Build configuration list for PBXProject "Tomato" */;
			compatibilityVersion = "Xcode 3.2";
			developmentRegion = English;
			hasScannedForEncodings = 0;
			knownRegions = (
				en,
				Base,
			);
			mainGroup = 890448C319C512B800BDB019;
			productRefGroup = 890448CD19C512B800BDB019 /* Products */;
			projectDirPath = "";
			projectRoot = "";
			targets = (
				890448CB19C512B800BDB019 /* Tomato */,
				890448E019C512B800BDB019 /* TomatoTests */,
			);
		};
/* End PBXProject section */

/* Begin PBXResourcesBuildPhase section */
		890448CA19C512B800BDB019 /* Resources */ = {
			isa = PBXResourcesBuildPhase;
			buildActionMask = 2147483647;
			files = (
				8904490119C5142F00BDB019 /* Default@2x.png in Resources */,
				890448F219C512CC00BDB019 /* Main.storyboard in Resources */,
				8904490319C5142F00BDB019 /* AppIcon-180.png in Resources */,
				890448DC19C512B800BDB019 /* LaunchScreen.xib in Resources */,
				8904490619C5142F00BDB019 /* AppIcon-80.png in Resources */,
				890448D919C512B800BDB019 /* Images.xcassets in Resources */,
				8904490219C5142F00BDB019 /* Default.png in Resources */,
				8904490719C5142F00BDB019 /* AppIcon-58.png in Resources */,
				8904490419C5142F00BDB019 /* AppIcon-120.png in Resources */,
				8904490519C5142F00BDB019 /* AppIcon-87.png in Resources */,
			);
			runOnlyForDeploymentPostprocessing = 0;
		};
		890448DF19C512B800BDB019 /* Resources */ = {
			isa = PBXResourcesBuildPhase;
			buildActionMask = 2147483647;
			files = (
			);
			runOnlyForDeploymentPostprocessing = 0;
		};
/* End PBXResourcesBuildPhase section */

/* Begin PBXSourcesBuildPhase section */
		890448C819C512B800BDB019 /* Sources */ = {
			isa = PBXSourcesBuildPhase;
			buildActionMask = 2147483647;
			files = (
				890448F419C5134500BDB019 /* ListViewController.swift in Sources */,
				890448D219C512B800BDB019 /* AppDelegate.swift in Sources */,
				890448F819C5136300BDB019 /* MovieTableViewCell.swift in Sources */,
				8904490919C51EC000BDB019 /* DetailsViewController.swift in Sources */,
			);
			runOnlyForDeploymentPostprocessing = 0;
		};
		890448DD19C512B800BDB019 /* Sources */ = {
			isa = PBXSourcesBuildPhase;
			buildActionMask = 2147483647;
			files = (
				890448E819C512B800BDB019 /* TomatoTests.swift in Sources */,
			);
			runOnlyForDeploymentPostprocessing = 0;
		};
/* End PBXSourcesBuildPhase section */

/* Begin PBXTargetDependency section */
		890448E319C512B800BDB019 /* PBXTargetDependency */ = {
			isa = PBXTargetDependency;
			target = 890448CB19C512B800BDB019 /* Tomato */;
			targetProxy = 890448E219C512B800BDB019 /* PBXContainerItemProxy */;
		};
/* End PBXTargetDependency section */

/* Begin PBXVariantGroup section */
		890448DA19C512B800BDB019 /* LaunchScreen.xib */ = {
			isa = PBXVariantGroup;
			children = (
				890448DB19C512B800BDB019 /* Base */,
			);
			name = LaunchScreen.xib;
			sourceTree = "<group>";
		};
/* End PBXVariantGroup section */

/* Begin XCBuildConfiguration section */
		890448E919C512B800BDB019 /* Debug */ = {
			isa = XCBuildConfiguration;
			buildSettings = {
				ALWAYS_SEARCH_USER_PATHS = NO;
				CLANG_CXX_LANGUAGE_STANDARD = "gnu++0x";
				CLANG_CXX_LIBRARY = "libc++";
				CLANG_ENABLE_MODULES = YES;
				CLANG_ENABLE_OBJC_ARC = YES;
				CLANG_WARN_BOOL_CONVERSION = YES;
				CLANG_WARN_CONSTANT_CONVERSION = YES;
				CLANG_WARN_DIRECT_OBJC_ISA_USAGE = YES_ERROR;
				CLANG_WARN_EMPTY_BODY = YES;
				CLANG_WARN_ENUM_CONVERSION = YES;
				CLANG_WARN_INT_CONVERSION = YES;
				CLANG_WARN_OBJC_ROOT_CLASS = YES_ERROR;
				CLANG_WARN_UNREACHABLE_CODE = YES;
				CLANG_WARN__DUPLICATE_METHOD_MATCH = YES;
				"CODE_SIGN_IDENTITY[sdk=iphoneos*]" = "iPhone Developer";
				COPY_PHASE_STRIP = NO;
				ENABLE_STRICT_OBJC_MSGSEND = YES;
				GCC_C_LANGUAGE_STANDARD = gnu99;
				GCC_DYNAMIC_NO_PIC = NO;
				GCC_OPTIMIZATION_LEVEL = 0;
				GCC_PREPROCESSOR_DEFINITIONS = (
					"DEBUG=1",
					"$(inherited)",
				);
				GCC_SYMBOLS_PRIVATE_EXTERN = NO;
				GCC_WARN_64_TO_32_BIT_CONVERSION = YES;
				GCC_WARN_ABOUT_RETURN_TYPE = YES_ERROR;
				GCC_WARN_UNDECLARED_SELECTOR = YES;
				GCC_WARN_UNINITIALIZED_AUTOS = YES_AGGRESSIVE;
				GCC_WARN_UNUSED_FUNCTION = YES;
				GCC_WARN_UNUSED_VARIABLE = YES;
				IPHONEOS_DEPLOYMENT_TARGET = 8.0;
				MTL_ENABLE_DEBUG_INFO = YES;
				ONLY_ACTIVE_ARCH = YES;
				SDKROOT = iphoneos;
				SWIFT_OPTIMIZATION_LEVEL = "-Onone";
			};
			name = Debug;
		};
		890448EA19C512B800BDB019 /* Release */ = {
			isa = XCBuildConfiguration;
			buildSettings = {
				ALWAYS_SEARCH_USER_PATHS = NO;
				CLANG_CXX_LANGUAGE_STANDARD = "gnu++0x";
				CLANG_CXX_LIBRARY = "libc++";
				CLANG_ENABLE_MODULES = YES;
				CLANG_ENABLE_OBJC_ARC = YES;
				CLANG_WARN_BOOL_CONVERSION = YES;
				CLANG_WARN_CONSTANT_CONVERSION = YES;
				CLANG_WARN_DIRECT_OBJC_ISA_USAGE = YES_ERROR;
				CLANG_WARN_EMPTY_BODY = YES;
				CLANG_WARN_ENUM_CONVERSION = YES;
				CLANG_WARN_INT_CONVERSION = YES;
				CLANG_WARN_OBJC_ROOT_CLASS = YES_ERROR;
				CLANG_WARN_UNREACHABLE_CODE = YES;
				CLANG_WARN__DUPLICATE_METHOD_MATCH = YES;
				"CODE_SIGN_IDENTITY[sdk=iphoneos*]" = "iPhone Developer";
				COPY_PHASE_STRIP = YES;
				ENABLE_NS_ASSERTIONS = NO;
				ENABLE_STRICT_OBJC_MSGSEND = YES;
				GCC_C_LANGUAGE_STANDARD = gnu99;
				GCC_WARN_64_TO_32_BIT_CONVERSION = YES;
				GCC_WARN_ABOUT_RETURN_TYPE = YES_ERROR;
				GCC_WARN_UNDECLARED_SELECTOR = YES;
				GCC_WARN_UNINITIALIZED_AUTOS = YES_AGGRESSIVE;
				GCC_WARN_UNUSED_FUNCTION = YES;
				GCC_WARN_UNUSED_VARIABLE = YES;
				IPHONEOS_DEPLOYMENT_TARGET = 8.0;
				MTL_ENABLE_DEBUG_INFO = NO;
				SDKROOT = iphoneos;
				VALIDATE_PRODUCT = YES;
			};
			name = Release;
		};
		890448EC19C512B800BDB019 /* Debug */ = {
			isa = XCBuildConfiguration;
			buildSettings = {
				ASSETCATALOG_COMPILER_APPICON_NAME = AppIcon;
				ASSETCATALOG_COMPILER_LAUNCHIMAGE_NAME = LaunchImage;
				INFOPLIST_FILE = Tomato/Info.plist;
				LD_RUNPATH_SEARCH_PATHS = "$(inherited) @executable_path/Frameworks";
				PRODUCT_NAME = "$(TARGET_NAME)";
			};
			name = Debug;
		};
		890448ED19C512B800BDB019 /* Release */ = {
			isa = XCBuildConfiguration;
			buildSettings = {
				ASSETCATALOG_COMPILER_APPICON_NAME = AppIcon;
				ASSETCATALOG_COMPILER_LAUNCHIMAGE_NAME = LaunchImage;
				INFOPLIST_FILE = Tomato/Info.plist;
				LD_RUNPATH_SEARCH_PATHS = "$(inherited) @executable_path/Frameworks";
				PRODUCT_NAME = "$(TARGET_NAME)";
			};
			name = Release;
		};
		890448EF19C512B800BDB019 /* Debug */ = {
			isa = XCBuildConfiguration;
			buildSettings = {
				BUNDLE_LOADER = "$(TEST_HOST)";
				FRAMEWORK_SEARCH_PATHS = (
					"$(SDKROOT)/Developer/Library/Frameworks",
					"$(inherited)",
				);
				GCC_PREPROCESSOR_DEFINITIONS = (
					"DEBUG=1",
					"$(inherited)",
				);
				INFOPLIST_FILE = TomatoTests/Info.plist;
				LD_RUNPATH_SEARCH_PATHS = "$(inherited) @executable_path/Frameworks @loader_path/Frameworks";
				PRODUCT_NAME = "$(TARGET_NAME)";
				TEST_HOST = "$(BUILT_PRODUCTS_DIR)/Tomato.app/Tomato";
			};
			name = Debug;
		};
		890448F019C512B800BDB019 /* Release */ = {
			isa = XCBuildConfiguration;
			buildSettings = {
				BUNDLE_LOADER = "$(TEST_HOST)";
				FRAMEWORK_SEARCH_PATHS = (
					"$(SDKROOT)/Developer/Library/Frameworks",
					"$(inherited)",
				);
				INFOPLIST_FILE = TomatoTests/Info.plist;
				LD_RUNPATH_SEARCH_PATHS = "$(inherited) @executable_path/Frameworks @loader_path/Frameworks";
				PRODUCT_NAME = "$(TARGET_NAME)";
				TEST_HOST = "$(BUILT_PRODUCTS_DIR)/Tomato.app/Tomato";
			};
			name = Release;
		};
/* End XCBuildConfiguration section */

/* Begin XCConfigurationList section */
		890448C719C512B800BDB019 /* Build configuration list for PBXProject "Tomato" */ = {
			isa = XCConfigurationList;
			buildConfigurations = (
				890448E919C512B800BDB019 /* Debug */,
				890448EA19C512B800BDB019 /* Release */,
			);
			defaultConfigurationIsVisible = 0;
			defaultConfigurationName = Release;
		};
		890448EB19C512B800BDB019 /* Build configuration list for PBXNativeTarget "Tomato" */ = {
			isa = XCConfigurationList;
			buildConfigurations = (
				890448EC19C512B800BDB019 /* Debug */,
				890448ED19C512B800BDB019 /* Release */,
			);
			defaultConfigurationIsVisible = 0;
		};
		890448EE19C512B800BDB019 /* Build configuration list for PBXNativeTarget "TomatoTests" */ = {
			isa = XCConfigurationList;
			buildConfigurations = (
				890448EF19C512B800BDB019 /* Debug */,
				890448F019C512B800BDB019 /* Release */,
			);
			defaultConfigurationIsVisible = 0;
		};
/* End XCConfigurationList section */
	};
	rootObject = 890448C419C512B800BDB019 /* Project object */;
}
