<?xml version="1.0" encoding="UTF-8"?>
<!DOCTYPE plist PUBLIC "-//Apple//DTD PLIST 1.0//EN" "http://www.apple.com/DTDs/PropertyList-1.0.dtd">
<plist version="1.0">
<dict>
	<key>archiveVersion</key>
	<string>1</string>
	<key>classes</key>
	<dict/>
	<key>objectVersion</key>
	<string>46</string>
	<key>objects</key>
	<dict>
		<key>890448C319C512B800BDB019</key>
		<dict>
			<key>children</key>
			<array>
				<string>890448CE19C512B800BDB019</string>
				<string>890448E419C512B800BDB019</string>
				<string>890448CD19C512B800BDB019</string>
				<string>A875E43B35874FFFB9AA3F0F</string>
				<string>AB3202F1F1D6404285147604</string>
			</array>
			<key>isa</key>
			<string>PBXGroup</string>
			<key>sourceTree</key>
			<string>&lt;group&gt;</string>
		</dict>
		<key>890448C419C512B800BDB019</key>
		<dict>
			<key>attributes</key>
			<dict>
				<key>LastUpgradeCheck</key>
				<string>0600</string>
				<key>ORGANIZATIONNAME</key>
				<string>Tianyu</string>
				<key>TargetAttributes</key>
				<dict>
					<key>890448CB19C512B800BDB019</key>
					<dict>
						<key>CreatedOnToolsVersion</key>
						<string>6.0</string>
					</dict>
					<key>890448E019C512B800BDB019</key>
					<dict>
						<key>CreatedOnToolsVersion</key>
						<string>6.0</string>
						<key>TestTargetID</key>
						<string>890448CB19C512B800BDB019</string>
					</dict>
				</dict>
			</dict>
			<key>buildConfigurationList</key>
			<string>890448C719C512B800BDB019</string>
			<key>compatibilityVersion</key>
			<string>Xcode 3.2</string>
			<key>developmentRegion</key>
			<string>English</string>
			<key>hasScannedForEncodings</key>
			<string>0</string>
			<key>isa</key>
			<string>PBXProject</string>
			<key>knownRegions</key>
			<array>
				<string>en</string>
				<string>Base</string>
			</array>
			<key>mainGroup</key>
			<string>890448C319C512B800BDB019</string>
			<key>productRefGroup</key>
			<string>890448CD19C512B800BDB019</string>
			<key>projectDirPath</key>
			<string></string>
			<key>projectReferences</key>
			<array/>
			<key>projectRoot</key>
			<string></string>
			<key>targets</key>
			<array>
				<string>890448CB19C512B800BDB019</string>
				<string>890448E019C512B800BDB019</string>
			</array>
		</dict>
		<key>890448C719C512B800BDB019</key>
		<dict>
			<key>buildConfigurations</key>
			<array>
				<string>890448E919C512B800BDB019</string>
				<string>890448EA19C512B800BDB019</string>
			</array>
			<key>defaultConfigurationIsVisible</key>
			<string>0</string>
			<key>defaultConfigurationName</key>
			<string>Release</string>
			<key>isa</key>
			<string>XCConfigurationList</string>
		</dict>
		<key>890448C819C512B800BDB019</key>
		<dict>
			<key>buildActionMask</key>
			<string>2147483647</string>
			<key>files</key>
			<array>
				<string>890448F419C5134500BDB019</string>
				<string>890448D219C512B800BDB019</string>
				<string>8904491619C55AB400BDB019</string>
				<string>890448F819C5136300BDB019</string>
			</array>
			<key>isa</key>
			<string>PBXSourcesBuildPhase</string>
			<key>runOnlyForDeploymentPostprocessing</key>
			<string>0</string>
		</dict>
		<key>890448C919C512B800BDB019</key>
		<dict>
			<key>buildActionMask</key>
			<string>2147483647</string>
			<key>files</key>
			<array>
				<string>B3BCB9EA8D9943D6AE67BE5D</string>
			</array>
			<key>isa</key>
			<string>PBXFrameworksBuildPhase</string>
			<key>runOnlyForDeploymentPostprocessing</key>
			<string>0</string>
		</dict>
		<key>890448CA19C512B800BDB019</key>
		<dict>
			<key>buildActionMask</key>
			<string>2147483647</string>
			<key>files</key>
			<array>
				<string>8904490119C5142F00BDB019</string>
				<string>8904491719C55AB400BDB019</string>
				<string>890448F219C512CC00BDB019</string>
				<string>8904490319C5142F00BDB019</string>
				<string>8904490D19C545E500BDB019</string>
				<string>8904490619C5142F00BDB019</string>
				<string>890448D919C512B800BDB019</string>
				<string>8904491319C553A900BDB019</string>
				<string>8904490219C5142F00BDB019</string>
				<string>8904490719C5142F00BDB019</string>
				<string>8904490419C5142F00BDB019</string>
				<string>8904490519C5142F00BDB019</string>
			</array>
			<key>isa</key>
			<string>PBXResourcesBuildPhase</string>
			<key>runOnlyForDeploymentPostprocessing</key>
			<string>0</string>
		</dict>
		<key>890448CB19C512B800BDB019</key>
		<dict>
			<key>buildConfigurationList</key>
			<string>890448EB19C512B800BDB019</string>
			<key>buildPhases</key>
			<array>
				<string>D86FE6AFB7C54A19AE088846</string>
				<string>890448C819C512B800BDB019</string>
				<string>890448C919C512B800BDB019</string>
				<string>890448CA19C512B800BDB019</string>
				<string>B95943EFC3A54218820EECDB</string>
			</array>
			<key>buildRules</key>
			<array/>
			<key>dependencies</key>
			<array/>
			<key>isa</key>
			<string>PBXNativeTarget</string>
			<key>name</key>
			<string>Tomato</string>
			<key>productName</key>
			<string>Tomato</string>
			<key>productReference</key>
			<string>890448CC19C512B800BDB019</string>
			<key>productType</key>
			<string>com.apple.product-type.application</string>
		</dict>
		<key>890448CC19C512B800BDB019</key>
		<dict>
			<key>explicitFileType</key>
			<string>wrapper.application</string>
			<key>includeInIndex</key>
			<string>0</string>
			<key>isa</key>
			<string>PBXFileReference</string>
			<key>path</key>
			<string>Tomato.app</string>
			<key>sourceTree</key>
			<string>BUILT_PRODUCTS_DIR</string>
		</dict>
		<key>890448CD19C512B800BDB019</key>
		<dict>
			<key>children</key>
			<array>
				<string>890448CC19C512B800BDB019</string>
				<string>890448E119C512B800BDB019</string>
			</array>
			<key>isa</key>
			<string>PBXGroup</string>
			<key>name</key>
			<string>Products</string>
			<key>sourceTree</key>
			<string>&lt;group&gt;</string>
		</dict>
		<key>890448CE19C512B800BDB019</key>
		<dict>
			<key>children</key>
			<array>
				<string>890448D119C512B800BDB019</string>
				<string>890448F319C5134500BDB019</string>
				<string>890448F619C5136300BDB019</string>
				<string>8904491419C55AB400BDB019</string>
				<string>8904491519C55AB400BDB019</string>
				<string>890448F119C512CC00BDB019</string>
				<string>890448D819C512B800BDB019</string>
				<string>890448F919C5141D00BDB019</string>
				<string>890448CF19C512B800BDB019</string>
			</array>
			<key>isa</key>
			<string>PBXGroup</string>
			<key>path</key>
			<string>Tomato</string>
			<key>sourceTree</key>
			<string>&lt;group&gt;</string>
		</dict>
		<key>890448CF19C512B800BDB019</key>
		<dict>
			<key>children</key>
			<array>
				<string>890448D019C512B800BDB019</string>
			</array>
			<key>isa</key>
			<string>PBXGroup</string>
			<key>name</key>
			<string>Supporting Files</string>
			<key>sourceTree</key>
			<string>&lt;group&gt;</string>
		</dict>
		<key>890448D019C512B800BDB019</key>
		<dict>
			<key>isa</key>
			<string>PBXFileReference</string>
			<key>lastKnownFileType</key>
			<string>text.plist.xml</string>
			<key>path</key>
			<string>Info.plist</string>
			<key>sourceTree</key>
			<string>&lt;group&gt;</string>
		</dict>
		<key>890448D119C512B800BDB019</key>
		<dict>
			<key>isa</key>
			<string>PBXFileReference</string>
			<key>lastKnownFileType</key>
			<string>sourcecode.swift</string>
			<key>path</key>
			<string>AppDelegate.swift</string>
			<key>sourceTree</key>
			<string>&lt;group&gt;</string>
		</dict>
		<key>890448D219C512B800BDB019</key>
		<dict>
			<key>fileRef</key>
			<string>890448D119C512B800BDB019</string>
			<key>isa</key>
			<string>PBXBuildFile</string>
		</dict>
		<key>890448D819C512B800BDB019</key>
		<dict>
			<key>isa</key>
			<string>PBXFileReference</string>
			<key>lastKnownFileType</key>
			<string>folder.assetcatalog</string>
			<key>path</key>
			<string>Images.xcassets</string>
			<key>sourceTree</key>
			<string>&lt;group&gt;</string>
		</dict>
		<key>890448D919C512B800BDB019</key>
		<dict>
			<key>fileRef</key>
			<string>890448D819C512B800BDB019</string>
			<key>isa</key>
			<string>PBXBuildFile</string>
		</dict>
		<key>890448DD19C512B800BDB019</key>
		<dict>
			<key>buildActionMask</key>
			<string>2147483647</string>
			<key>files</key>
			<array>
				<string>890448E819C512B800BDB019</string>
			</array>
			<key>isa</key>
			<string>PBXSourcesBuildPhase</string>
			<key>runOnlyForDeploymentPostprocessing</key>
			<string>0</string>
		</dict>
		<key>890448DE19C512B800BDB019</key>
		<dict>
			<key>buildActionMask</key>
			<string>2147483647</string>
			<key>files</key>
			<array/>
			<key>isa</key>
			<string>PBXFrameworksBuildPhase</string>
			<key>runOnlyForDeploymentPostprocessing</key>
			<string>0</string>
		</dict>
		<key>890448DF19C512B800BDB019</key>
		<dict>
			<key>buildActionMask</key>
			<string>2147483647</string>
			<key>files</key>
			<array/>
			<key>isa</key>
			<string>PBXResourcesBuildPhase</string>
			<key>runOnlyForDeploymentPostprocessing</key>
			<string>0</string>
		</dict>
		<key>890448E019C512B800BDB019</key>
		<dict>
			<key>buildConfigurationList</key>
			<string>890448EE19C512B800BDB019</string>
			<key>buildPhases</key>
			<array>
				<string>890448DD19C512B800BDB019</string>
				<string>890448DE19C512B800BDB019</string>
				<string>890448DF19C512B800BDB019</string>
			</array>
			<key>buildRules</key>
			<array/>
			<key>dependencies</key>
			<array>
				<string>890448E319C512B800BDB019</string>
			</array>
			<key>isa</key>
			<string>PBXNativeTarget</string>
			<key>name</key>
			<string>TomatoTests</string>
			<key>productName</key>
			<string>TomatoTests</string>
			<key>productReference</key>
			<string>890448E119C512B800BDB019</string>
			<key>productType</key>
			<string>com.apple.product-type.bundle.unit-test</string>
		</dict>
		<key>890448E119C512B800BDB019</key>
		<dict>
			<key>explicitFileType</key>
			<string>wrapper.cfbundle</string>
			<key>includeInIndex</key>
			<string>0</string>
			<key>isa</key>
			<string>PBXFileReference</string>
			<key>path</key>
			<string>TomatoTests.xctest</string>
			<key>sourceTree</key>
			<string>BUILT_PRODUCTS_DIR</string>
		</dict>
		<key>890448E219C512B800BDB019</key>
		<dict>
			<key>containerPortal</key>
			<string>890448C419C512B800BDB019</string>
			<key>isa</key>
			<string>PBXContainerItemProxy</string>
			<key>proxyType</key>
			<string>1</string>
			<key>remoteGlobalIDString</key>
			<string>890448CB19C512B800BDB019</string>
			<key>remoteInfo</key>
			<string>Tomato</string>
		</dict>
		<key>890448E319C512B800BDB019</key>
		<dict>
			<key>isa</key>
			<string>PBXTargetDependency</string>
			<key>target</key>
			<string>890448CB19C512B800BDB019</string>
			<key>targetProxy</key>
			<string>890448E219C512B800BDB019</string>
		</dict>
		<key>890448E419C512B800BDB019</key>
		<dict>
			<key>children</key>
			<array>
				<string>890448E719C512B800BDB019</string>
				<string>890448E519C512B800BDB019</string>
			</array>
			<key>isa</key>
			<string>PBXGroup</string>
			<key>path</key>
			<string>TomatoTests</string>
			<key>sourceTree</key>
			<string>&lt;group&gt;</string>
		</dict>
		<key>890448E519C512B800BDB019</key>
		<dict>
			<key>children</key>
			<array>
				<string>890448E619C512B800BDB019</string>
			</array>
			<key>isa</key>
			<string>PBXGroup</string>
			<key>name</key>
			<string>Supporting Files</string>
			<key>sourceTree</key>
			<string>&lt;group&gt;</string>
		</dict>
		<key>890448E619C512B800BDB019</key>
		<dict>
			<key>isa</key>
			<string>PBXFileReference</string>
			<key>lastKnownFileType</key>
			<string>text.plist.xml</string>
			<key>path</key>
			<string>Info.plist</string>
			<key>sourceTree</key>
			<string>&lt;group&gt;</string>
		</dict>
		<key>890448E719C512B800BDB019</key>
		<dict>
			<key>isa</key>
			<string>PBXFileReference</string>
			<key>lastKnownFileType</key>
			<string>sourcecode.swift</string>
			<key>path</key>
			<string>TomatoTests.swift</string>
			<key>sourceTree</key>
			<string>&lt;group&gt;</string>
		</dict>
		<key>890448E819C512B800BDB019</key>
		<dict>
			<key>fileRef</key>
			<string>890448E719C512B800BDB019</string>
			<key>isa</key>
			<string>PBXBuildFile</string>
		</dict>
		<key>890448E919C512B800BDB019</key>
		<dict>
			<key>buildSettings</key>
			<dict>
				<key>ALWAYS_SEARCH_USER_PATHS</key>
				<string>NO</string>
				<key>CLANG_CXX_LANGUAGE_STANDARD</key>
				<string>gnu++0x</string>
				<key>CLANG_CXX_LIBRARY</key>
				<string>libc++</string>
				<key>CLANG_ENABLE_MODULES</key>
				<string>YES</string>
				<key>CLANG_ENABLE_OBJC_ARC</key>
				<string>YES</string>
				<key>CLANG_WARN_BOOL_CONVERSION</key>
				<string>YES</string>
				<key>CLANG_WARN_CONSTANT_CONVERSION</key>
				<string>YES</string>
				<key>CLANG_WARN_DIRECT_OBJC_ISA_USAGE</key>
				<string>YES_ERROR</string>
				<key>CLANG_WARN_EMPTY_BODY</key>
				<string>YES</string>
				<key>CLANG_WARN_ENUM_CONVERSION</key>
				<string>YES</string>
				<key>CLANG_WARN_INT_CONVERSION</key>
				<string>YES</string>
				<key>CLANG_WARN_OBJC_ROOT_CLASS</key>
				<string>YES_ERROR</string>
				<key>CLANG_WARN_UNREACHABLE_CODE</key>
				<string>YES</string>
				<key>CLANG_WARN__DUPLICATE_METHOD_MATCH</key>
				<string>YES</string>
				<key>CODE_SIGN_IDENTITY[sdk=iphoneos*]</key>
				<string>iPhone Developer</string>
				<key>COPY_PHASE_STRIP</key>
				<string>NO</string>
				<key>ENABLE_STRICT_OBJC_MSGSEND</key>
				<string>YES</string>
				<key>GCC_C_LANGUAGE_STANDARD</key>
				<string>gnu99</string>
				<key>GCC_DYNAMIC_NO_PIC</key>
				<string>NO</string>
				<key>GCC_OPTIMIZATION_LEVEL</key>
				<string>0</string>
				<key>GCC_PREPROCESSOR_DEFINITIONS</key>
				<array>
					<string>DEBUG=1</string>
					<string>$(inherited)</string>
				</array>
				<key>GCC_SYMBOLS_PRIVATE_EXTERN</key>
				<string>NO</string>
				<key>GCC_WARN_64_TO_32_BIT_CONVERSION</key>
				<string>YES</string>
				<key>GCC_WARN_ABOUT_RETURN_TYPE</key>
				<string>YES_ERROR</string>
				<key>GCC_WARN_UNDECLARED_SELECTOR</key>
				<string>YES</string>
				<key>GCC_WARN_UNINITIALIZED_AUTOS</key>
				<string>YES_AGGRESSIVE</string>
				<key>GCC_WARN_UNUSED_FUNCTION</key>
				<string>YES</string>
				<key>GCC_WARN_UNUSED_VARIABLE</key>
				<string>YES</string>
				<key>IPHONEOS_DEPLOYMENT_TARGET</key>
				<string>8.0</string>
				<key>MTL_ENABLE_DEBUG_INFO</key>
				<string>YES</string>
				<key>ONLY_ACTIVE_ARCH</key>
				<string>YES</string>
				<key>SDKROOT</key>
				<string>iphoneos</string>
				<key>SWIFT_OPTIMIZATION_LEVEL</key>
				<string>-Onone</string>
			</dict>
			<key>isa</key>
			<string>XCBuildConfiguration</string>
			<key>name</key>
			<string>Debug</string>
		</dict>
		<key>890448EA19C512B800BDB019</key>
		<dict>
			<key>buildSettings</key>
			<dict>
				<key>ALWAYS_SEARCH_USER_PATHS</key>
				<string>NO</string>
				<key>CLANG_CXX_LANGUAGE_STANDARD</key>
				<string>gnu++0x</string>
				<key>CLANG_CXX_LIBRARY</key>
				<string>libc++</string>
				<key>CLANG_ENABLE_MODULES</key>
				<string>YES</string>
				<key>CLANG_ENABLE_OBJC_ARC</key>
				<string>YES</string>
				<key>CLANG_WARN_BOOL_CONVERSION</key>
				<string>YES</string>
				<key>CLANG_WARN_CONSTANT_CONVERSION</key>
				<string>YES</string>
				<key>CLANG_WARN_DIRECT_OBJC_ISA_USAGE</key>
				<string>YES_ERROR</string>
				<key>CLANG_WARN_EMPTY_BODY</key>
				<string>YES</string>
				<key>CLANG_WARN_ENUM_CONVERSION</key>
				<string>YES</string>
				<key>CLANG_WARN_INT_CONVERSION</key>
				<string>YES</string>
				<key>CLANG_WARN_OBJC_ROOT_CLASS</key>
				<string>YES_ERROR</string>
				<key>CLANG_WARN_UNREACHABLE_CODE</key>
				<string>YES</string>
				<key>CLANG_WARN__DUPLICATE_METHOD_MATCH</key>
				<string>YES</string>
				<key>CODE_SIGN_IDENTITY[sdk=iphoneos*]</key>
				<string>iPhone Developer</string>
				<key>COPY_PHASE_STRIP</key>
				<string>YES</string>
				<key>ENABLE_NS_ASSERTIONS</key>
				<string>NO</string>
				<key>ENABLE_STRICT_OBJC_MSGSEND</key>
				<string>YES</string>
				<key>GCC_C_LANGUAGE_STANDARD</key>
				<string>gnu99</string>
				<key>GCC_WARN_64_TO_32_BIT_CONVERSION</key>
				<string>YES</string>
				<key>GCC_WARN_ABOUT_RETURN_TYPE</key>
				<string>YES_ERROR</string>
				<key>GCC_WARN_UNDECLARED_SELECTOR</key>
				<string>YES</string>
				<key>GCC_WARN_UNINITIALIZED_AUTOS</key>
				<string>YES_AGGRESSIVE</string>
				<key>GCC_WARN_UNUSED_FUNCTION</key>
				<string>YES</string>
				<key>GCC_WARN_UNUSED_VARIABLE</key>
				<string>YES</string>
				<key>IPHONEOS_DEPLOYMENT_TARGET</key>
				<string>8.0</string>
				<key>MTL_ENABLE_DEBUG_INFO</key>
				<string>NO</string>
				<key>SDKROOT</key>
				<string>iphoneos</string>
				<key>VALIDATE_PRODUCT</key>
				<string>YES</string>
			</dict>
			<key>isa</key>
			<string>XCBuildConfiguration</string>
			<key>name</key>
			<string>Release</string>
		</dict>
		<key>890448EB19C512B800BDB019</key>
		<dict>
			<key>buildConfigurations</key>
			<array>
				<string>890448EC19C512B800BDB019</string>
				<string>890448ED19C512B800BDB019</string>
			</array>
			<key>defaultConfigurationIsVisible</key>
			<string>0</string>
			<key>isa</key>
			<string>XCConfigurationList</string>
		</dict>
		<key>890448EC19C512B800BDB019</key>
		<dict>
			<key>baseConfigurationReference</key>
			<string>A875E43B35874FFFB9AA3F0F</string>
			<key>buildSettings</key>
			<dict>
				<key>ASSETCATALOG_COMPILER_APPICON_NAME</key>
				<string>AppIcon</string>
				<key>ASSETCATALOG_COMPILER_LAUNCHIMAGE_NAME</key>
				<string>LaunchImage</string>
				<key>INFOPLIST_FILE</key>
				<string>Tomato/Info.plist</string>
				<key>LD_RUNPATH_SEARCH_PATHS</key>
				<string>$(inherited) @executable_path/Frameworks</string>
				<key>PRODUCT_NAME</key>
				<string>$(TARGET_NAME)</string>
			</dict>
			<key>isa</key>
			<string>XCBuildConfiguration</string>
			<key>name</key>
			<string>Debug</string>
		</dict>
		<key>890448ED19C512B800BDB019</key>
		<dict>
			<key>baseConfigurationReference</key>
			<string>A875E43B35874FFFB9AA3F0F</string>
			<key>buildSettings</key>
			<dict>
				<key>ASSETCATALOG_COMPILER_APPICON_NAME</key>
				<string>AppIcon</string>
				<key>ASSETCATALOG_COMPILER_LAUNCHIMAGE_NAME</key>
				<string>LaunchImage</string>
				<key>INFOPLIST_FILE</key>
				<string>Tomato/Info.plist</string>
				<key>LD_RUNPATH_SEARCH_PATHS</key>
				<string>$(inherited) @executable_path/Frameworks</string>
				<key>PRODUCT_NAME</key>
				<string>$(TARGET_NAME)</string>
			</dict>
			<key>isa</key>
			<string>XCBuildConfiguration</string>
			<key>name</key>
			<string>Release</string>
		</dict>
		<key>890448EE19C512B800BDB019</key>
		<dict>
			<key>buildConfigurations</key>
			<array>
				<string>890448EF19C512B800BDB019</string>
				<string>890448F019C512B800BDB019</string>
			</array>
			<key>defaultConfigurationIsVisible</key>
			<string>0</string>
			<key>isa</key>
			<string>XCConfigurationList</string>
		</dict>
		<key>890448EF19C512B800BDB019</key>
		<dict>
			<key>buildSettings</key>
			<dict>
				<key>BUNDLE_LOADER</key>
				<string>$(TEST_HOST)</string>
				<key>FRAMEWORK_SEARCH_PATHS</key>
				<array>
					<string>$(SDKROOT)/Developer/Library/Frameworks</string>
					<string>$(inherited)</string>
				</array>
				<key>GCC_PREPROCESSOR_DEFINITIONS</key>
				<array>
					<string>DEBUG=1</string>
					<string>$(inherited)</string>
				</array>
				<key>INFOPLIST_FILE</key>
				<string>TomatoTests/Info.plist</string>
				<key>LD_RUNPATH_SEARCH_PATHS</key>
				<string>$(inherited) @executable_path/Frameworks @loader_path/Frameworks</string>
				<key>PRODUCT_NAME</key>
				<string>$(TARGET_NAME)</string>
				<key>TEST_HOST</key>
				<string>$(BUILT_PRODUCTS_DIR)/Tomato.app/Tomato</string>
			</dict>
			<key>isa</key>
			<string>XCBuildConfiguration</string>
			<key>name</key>
			<string>Debug</string>
		</dict>
		<key>890448F019C512B800BDB019</key>
		<dict>
			<key>buildSettings</key>
			<dict>
				<key>BUNDLE_LOADER</key>
				<string>$(TEST_HOST)</string>
				<key>FRAMEWORK_SEARCH_PATHS</key>
				<array>
					<string>$(SDKROOT)/Developer/Library/Frameworks</string>
					<string>$(inherited)</string>
				</array>
				<key>INFOPLIST_FILE</key>
				<string>TomatoTests/Info.plist</string>
				<key>LD_RUNPATH_SEARCH_PATHS</key>
				<string>$(inherited) @executable_path/Frameworks @loader_path/Frameworks</string>
				<key>PRODUCT_NAME</key>
				<string>$(TARGET_NAME)</string>
				<key>TEST_HOST</key>
				<string>$(BUILT_PRODUCTS_DIR)/Tomato.app/Tomato</string>
			</dict>
			<key>isa</key>
			<string>XCBuildConfiguration</string>
			<key>name</key>
			<string>Release</string>
		</dict>
		<key>890448F119C512CC00BDB019</key>
		<dict>
			<key>fileEncoding</key>
			<string>4</string>
			<key>isa</key>
			<string>PBXFileReference</string>
			<key>lastKnownFileType</key>
			<string>file.storyboard</string>
			<key>path</key>
			<string>Main.storyboard</string>
			<key>sourceTree</key>
			<string>&lt;group&gt;</string>
		</dict>
		<key>890448F219C512CC00BDB019</key>
		<dict>
			<key>fileRef</key>
			<string>890448F119C512CC00BDB019</string>
			<key>isa</key>
			<string>PBXBuildFile</string>
		</dict>
		<key>890448F319C5134500BDB019</key>
		<dict>
			<key>fileEncoding</key>
			<string>4</string>
			<key>isa</key>
			<string>PBXFileReference</string>
			<key>lastKnownFileType</key>
			<string>sourcecode.swift</string>
			<key>path</key>
			<string>ListViewController.swift</string>
			<key>sourceTree</key>
			<string>&lt;group&gt;</string>
		</dict>
		<key>890448F419C5134500BDB019</key>
		<dict>
			<key>fileRef</key>
			<string>890448F319C5134500BDB019</string>
			<key>isa</key>
			<string>PBXBuildFile</string>
		</dict>
		<key>890448F619C5136300BDB019</key>
		<dict>
			<key>fileEncoding</key>
			<string>4</string>
			<key>isa</key>
			<string>PBXFileReference</string>
			<key>lastKnownFileType</key>
			<string>sourcecode.swift</string>
			<key>name</key>
			<string>MovieTableViewCell.swift</string>
			<key>path</key>
			<string>../MovieTableViewCell.swift</string>
			<key>sourceTree</key>
			<string>&lt;group&gt;</string>
		</dict>
		<key>890448F819C5136300BDB019</key>
		<dict>
			<key>fileRef</key>
			<string>890448F619C5136300BDB019</string>
			<key>isa</key>
			<string>PBXBuildFile</string>
		</dict>
		<key>890448F919C5141D00BDB019</key>
		<dict>
			<key>children</key>
			<array>
				<string>8904491219C553A900BDB019</string>
				<string>8904490B19C545E500BDB019</string>
				<string>890448FA19C5142F00BDB019</string>
				<string>890448FB19C5142F00BDB019</string>
				<string>890448FC19C5142F00BDB019</string>
				<string>890448FD19C5142F00BDB019</string>
				<string>890448FF19C5142F00BDB019</string>
				<string>8904490019C5142F00BDB019</string>
				<string>890448FE19C5142F00BDB019</string>
			</array>
			<key>isa</key>
			<string>PBXGroup</string>
			<key>name</key>
			<string>Resources</string>
			<key>sourceTree</key>
			<string>&lt;group&gt;</string>
		</dict>
		<key>890448FA19C5142F00BDB019</key>
		<dict>
			<key>isa</key>
			<string>PBXFileReference</string>
			<key>lastKnownFileType</key>
			<string>image.png</string>
			<key>path</key>
			<string>Default@2x.png</string>
			<key>sourceTree</key>
			<string>&lt;group&gt;</string>
		</dict>
		<key>890448FB19C5142F00BDB019</key>
		<dict>
			<key>isa</key>
			<string>PBXFileReference</string>
			<key>lastKnownFileType</key>
			<string>image.png</string>
			<key>path</key>
			<string>Default.png</string>
			<key>sourceTree</key>
			<string>&lt;group&gt;</string>
		</dict>
		<key>890448FC19C5142F00BDB019</key>
		<dict>
			<key>isa</key>
			<string>PBXFileReference</string>
			<key>lastKnownFileType</key>
			<string>image.png</string>
			<key>path</key>
			<string>AppIcon-180.png</string>
			<key>sourceTree</key>
			<string>&lt;group&gt;</string>
		</dict>
		<key>890448FD19C5142F00BDB019</key>
		<dict>
			<key>isa</key>
			<string>PBXFileReference</string>
			<key>lastKnownFileType</key>
			<string>image.png</string>
			<key>path</key>
			<string>AppIcon-120.png</string>
			<key>sourceTree</key>
			<string>&lt;group&gt;</string>
		</dict>
		<key>890448FE19C5142F00BDB019</key>
		<dict>
			<key>isa</key>
			<string>PBXFileReference</string>
			<key>lastKnownFileType</key>
			<string>image.png</string>
			<key>path</key>
			<string>AppIcon-87.png</string>
			<key>sourceTree</key>
			<string>&lt;group&gt;</string>
		</dict>
		<key>890448FF19C5142F00BDB019</key>
		<dict>
			<key>isa</key>
			<string>PBXFileReference</string>
			<key>lastKnownFileType</key>
			<string>image.png</string>
			<key>path</key>
			<string>AppIcon-80.png</string>
			<key>sourceTree</key>
			<string>&lt;group&gt;</string>
		</dict>
		<key>8904490019C5142F00BDB019</key>
		<dict>
			<key>isa</key>
			<string>PBXFileReference</string>
			<key>lastKnownFileType</key>
			<string>image.png</string>
			<key>path</key>
			<string>AppIcon-58.png</string>
			<key>sourceTree</key>
			<string>&lt;group&gt;</string>
		</dict>
		<key>8904490119C5142F00BDB019</key>
		<dict>
			<key>fileRef</key>
			<string>890448FA19C5142F00BDB019</string>
			<key>isa</key>
			<string>PBXBuildFile</string>
		</dict>
		<key>8904490219C5142F00BDB019</key>
		<dict>
			<key>fileRef</key>
			<string>890448FB19C5142F00BDB019</string>
			<key>isa</key>
			<string>PBXBuildFile</string>
		</dict>
		<key>8904490319C5142F00BDB019</key>
		<dict>
			<key>fileRef</key>
			<string>890448FC19C5142F00BDB019</string>
			<key>isa</key>
			<string>PBXBuildFile</string>
		</dict>
		<key>8904490419C5142F00BDB019</key>
		<dict>
			<key>fileRef</key>
			<string>890448FD19C5142F00BDB019</string>
			<key>isa</key>
			<string>PBXBuildFile</string>
		</dict>
		<key>8904490519C5142F00BDB019</key>
		<dict>
			<key>fileRef</key>
			<string>890448FE19C5142F00BDB019</string>
			<key>isa</key>
			<string>PBXBuildFile</string>
		</dict>
		<key>8904490619C5142F00BDB019</key>
		<dict>
			<key>fileRef</key>
			<string>890448FF19C5142F00BDB019</string>
			<key>isa</key>
			<string>PBXBuildFile</string>
		</dict>
		<key>8904490719C5142F00BDB019</key>
		<dict>
			<key>fileRef</key>
			<string>8904490019C5142F00BDB019</string>
			<key>isa</key>
			<string>PBXBuildFile</string>
		</dict>
		<key>8904490B19C545E500BDB019</key>
		<dict>
			<key>isa</key>
			<string>PBXFileReference</string>
			<key>lastKnownFileType</key>
			<string>image.png</string>
			<key>path</key>
			<string>thumbsdown.png</string>
			<key>sourceTree</key>
			<string>&lt;group&gt;</string>
		</dict>
		<key>8904490D19C545E500BDB019</key>
		<dict>
			<key>fileRef</key>
			<string>8904490B19C545E500BDB019</string>
			<key>isa</key>
			<string>PBXBuildFile</string>
		</dict>
		<key>8904491219C553A900BDB019</key>
		<dict>
			<key>isa</key>
			<string>PBXFileReference</string>
			<key>lastKnownFileType</key>
			<string>image.png</string>
			<key>path</key>
			<string>thumbsup.png</string>
			<key>sourceTree</key>
			<string>&lt;group&gt;</string>
		</dict>
		<key>8904491319C553A900BDB019</key>
		<dict>
			<key>fileRef</key>
			<string>8904491219C553A900BDB019</string>
			<key>isa</key>
			<string>PBXBuildFile</string>
		</dict>
		<key>8904491419C55AB400BDB019</key>
		<dict>
			<key>fileEncoding</key>
			<string>4</string>
			<key>isa</key>
			<string>PBXFileReference</string>
			<key>lastKnownFileType</key>
			<string>sourcecode.swift</string>
			<key>path</key>
			<string>DetailViewController.swift</string>
			<key>sourceTree</key>
			<string>&lt;group&gt;</string>
		</dict>
		<key>8904491519C55AB400BDB019</key>
		<dict>
			<key>fileEncoding</key>
			<string>4</string>
			<key>isa</key>
			<string>PBXFileReference</string>
			<key>lastKnownFileType</key>
			<string>file.xib</string>
			<key>path</key>
			<string>DetailViewController.xib</string>
			<key>sourceTree</key>
			<string>&lt;group&gt;</string>
		</dict>
		<key>8904491619C55AB400BDB019</key>
		<dict>
			<key>fileRef</key>
			<string>8904491419C55AB400BDB019</string>
			<key>isa</key>
			<string>PBXBuildFile</string>
		</dict>
		<key>8904491719C55AB400BDB019</key>
		<dict>
			<key>fileRef</key>
			<string>8904491519C55AB400BDB019</string>
			<key>isa</key>
			<string>PBXBuildFile</string>
		</dict>
		<key>A875E43B35874FFFB9AA3F0F</key>
		<dict>
			<key>includeInIndex</key>
			<string>1</string>
			<key>isa</key>
			<string>PBXFileReference</string>
			<key>lastKnownFileType</key>
			<string>text.xcconfig</string>
			<key>name</key>
			<string>Pods-Tomato.xcconfig</string>
			<key>path</key>
			<string>Pods/Pods-Tomato.xcconfig</string>
			<key>sourceTree</key>
			<string>&lt;group&gt;</string>
		</dict>
		<key>AB3202F1F1D6404285147604</key>
		<dict>
			<key>children</key>
			<array>
				<string>DCF09117AF3342F9A913D46B</string>
			</array>
			<key>isa</key>
			<string>PBXGroup</string>
			<key>name</key>
			<string>Frameworks</string>
			<key>sourceTree</key>
			<string>&lt;group&gt;</string>
		</dict>
		<key>B3BCB9EA8D9943D6AE67BE5D</key>
		<dict>
			<key>fileRef</key>
			<string>DCF09117AF3342F9A913D46B</string>
			<key>isa</key>
			<string>PBXBuildFile</string>
		</dict>
		<key>B95943EFC3A54218820EECDB</key>
		<dict>
			<key>buildActionMask</key>
			<string>2147483647</string>
			<key>files</key>
			<array/>
			<key>inputPaths</key>
			<array/>
			<key>isa</key>
			<string>PBXShellScriptBuildPhase</string>
			<key>name</key>
			<string>Copy Pods Resources</string>
			<key>outputPaths</key>
			<array/>
			<key>runOnlyForDeploymentPostprocessing</key>
			<string>0</string>
			<key>shellPath</key>
			<string>/bin/sh</string>
			<key>shellScript</key>
			<string>"${SRCROOT}/Pods/Pods-Tomato-resources.sh"
</string>
			<key>showEnvVarsInLog</key>
			<string>0</string>
		</dict>
		<key>D86FE6AFB7C54A19AE088846</key>
		<dict>
			<key>buildActionMask</key>
			<string>2147483647</string>
			<key>files</key>
			<array/>
			<key>inputPaths</key>
			<array/>
			<key>isa</key>
			<string>PBXShellScriptBuildPhase</string>
			<key>name</key>
			<string>Check Pods Manifest.lock</string>
			<key>outputPaths</key>
			<array/>
			<key>runOnlyForDeploymentPostprocessing</key>
			<string>0</string>
			<key>shellPath</key>
			<string>/bin/sh</string>
			<key>shellScript</key>
			<string>diff "${PODS_ROOT}/../Podfile.lock" "${PODS_ROOT}/Manifest.lock" &gt; /dev/null
if [[ $? != 0 ]] ; then
    cat &lt;&lt; EOM
error: The sandbox is not in sync with the Podfile.lock. Run 'pod install' or update your CocoaPods installation.
EOM
    exit 1
fi
</string>
			<key>showEnvVarsInLog</key>
			<string>0</string>
		</dict>
		<key>DCF09117AF3342F9A913D46B</key>
		<dict>
			<key>explicitFileType</key>
			<string>archive.ar</string>
			<key>includeInIndex</key>
			<string>0</string>
			<key>isa</key>
			<string>PBXFileReference</string>
			<key>path</key>
			<string>libPods-Tomato.a</string>
			<key>sourceTree</key>
			<string>BUILT_PRODUCTS_DIR</string>
		</dict>
	</dict>
	<key>rootObject</key>
	<string>890448C419C512B800BDB019</string>
</dict>
</plist>
